
Microsoft Visual Studio Solution File, Format Version 12.00
# Visual Studio 2012
Project("{FAE04EC0-301F-11D3-BF4B-00C04F79EFBC}") = "PuTTYTree", "PuTTYTree.csproj", "{8B704B70-330C-4393-8D4C-82D09FE64640}"
EndProject
Project("{2150E333-8FDC-42A3-9474-1A3956D46DE8}") = ".nuget", ".nuget", "{26ACAF72-7000-4B30-BB71-E176620AB35E}"
	ProjectSection(SolutionItems) = preProject
		.nuget\NuGet.Config = .nuget\NuGet.Config
		.nuget\NuGet.exe = .nuget\NuGet.exe
		.nuget\NuGet.targets = .nuget\NuGet.targets
		.nuget\packages.config = .nuget\packages.config
	EndProjectSection
EndProject
Project("{FAE04EC0-301F-11D3-BF4B-00C04F79EFBC}") = "PuTTYTree.Test", "PuTTYTree.Test\PuTTYTree.Test.csproj", "{3F773884-B345-4F85-AA03-0D9730B092A6}"
EndProject
Global
	GlobalSection(SolutionConfigurationPlatforms) = preSolution
		Debug|Any CPU = Debug|Any CPU
		Debug|Mixed Platforms = Debug|Mixed Platforms
		Debug|Win32 = Debug|Win32
		Release|Any CPU = Release|Any CPU
		Release|Mixed Platforms = Release|Mixed Platforms
		Release|Win32 = Release|Win32
	EndGlobalSection
	GlobalSection(ProjectConfigurationPlatforms) = postSolution
		{8B704B70-330C-4393-8D4C-82D09FE64640}.Debug|Any CPU.ActiveCfg = Debug|Any CPU
		{8B704B70-330C-4393-8D4C-82D09FE64640}.Debug|Any CPU.Build.0 = Debug|Any CPU
		{8B704B70-330C-4393-8D4C-82D09FE64640}.Debug|Mixed Platforms.ActiveCfg = Debug|Any CPU
		{8B704B70-330C-4393-8D4C-82D09FE64640}.Debug|Mixed Platforms.Build.0 = Debug|Any CPU
		{8B704B70-330C-4393-8D4C-82D09FE64640}.Debug|Win32.ActiveCfg = Debug|Any CPU
		{8B704B70-330C-4393-8D4C-82D09FE64640}.Release|Any CPU.ActiveCfg = Release|Any CPU
		{8B704B70-330C-4393-8D4C-82D09FE64640}.Release|Any CPU.Build.0 = Release|Any CPU
		{8B704B70-330C-4393-8D4C-82D09FE64640}.Release|Mixed Platforms.ActiveCfg = Release|Any CPU
		{8B704B70-330C-4393-8D4C-82D09FE64640}.Release|Mixed Platforms.Build.0 = Release|Any CPU
		{8B704B70-330C-4393-8D4C-82D09FE64640}.Release|Win32.ActiveCfg = Release|Any CPU
		{3F773884-B345-4F85-AA03-0D9730B092A6}.Debug|Any CPU.ActiveCfg = Debug|Any CPU
		{3F773884-B345-4F85-AA03-0D9730B092A6}.Debug|Any CPU.Build.0 = Debug|Any CPU
		{3F773884-B345-4F85-AA03-0D9730B092A6}.Debug|Mixed Platforms.ActiveCfg = Debug|Any CPU
		{3F773884-B345-4F85-AA03-0D9730B092A6}.Debug|Mixed Platforms.Build.0 = Debug|Any CPU
		{3F773884-B345-4F85-AA03-0D9730B092A6}.Debug|Win32.ActiveCfg = Debug|Any CPU
		{3F773884-B345-4F85-AA03-0D9730B092A6}.Release|Any CPU.ActiveCfg = Release|Any CPU
		{3F773884-B345-4F85-AA03-0D9730B092A6}.Release|Any CPU.Build.0 = Release|Any CPU
		{3F773884-B345-4F85-AA03-0D9730B092A6}.Release|Mixed Platforms.ActiveCfg = Release|Any CPU
		{3F773884-B345-4F85-AA03-0D9730B092A6}.Release|Mixed Platforms.Build.0 = Release|Any CPU
		{3F773884-B345-4F85-AA03-0D9730B092A6}.Release|Win32.ActiveCfg = Release|Any CPU
	EndGlobalSection
	GlobalSection(SolutionProperties) = preSolution
		HideSolutionNode = FALSE
	EndGlobalSection
EndGlobal
